
Microsoft Visual Studio Solution File, Format Version 12.00
# Visual Studio Version 17
VisualStudioVersion = 17.10.35013.160
MinimumVisualStudioVersion = 10.0.40219.1
Project("{E53339B2-1760-4266-BCC7-CA923CBCF16C}") = "docker-compose", "docker-compose.dcproj", "{B70E4F44-BD0A-4B83-BE43-D563ACC004A1}"
EndProject
Project("{9A19103F-16F7-4668-BE54-9A1E7A4F7556}") = "API.Admin", "backend\API.Admin\API.Admin.csproj", "{772CAEDA-0FB0-40F5-9270-11EE3E3B06E4}"
EndProject
Project("{2150E333-8FDC-42A3-9474-1A3956D46DE8}") = "01 - API-Core", "01 - API-Core", "{1AA7DC8E-92FC-460A-B2CF-361605114DE4}"
EndProject
Project("{9A19103F-16F7-4668-BE54-9A1E7A4F7556}") = "API.Admin.Tests", "backend\API.Admin.Tests\API.Admin.Tests.csproj", "{951D8EF6-2405-48D6-A837-A35278044F81}"
EndProject
Global
	GlobalSection(SolutionConfigurationPlatforms) = preSolution
		Debug|Any CPU = Debug|Any CPU
		Release|Any CPU = Release|Any CPU
	EndGlobalSection
	GlobalSection(ProjectConfigurationPlatforms) = postSolution
		{B70E4F44-BD0A-4B83-BE43-D563ACC004A1}.Debug|Any CPU.ActiveCfg = Debug|Any CPU
		{B70E4F44-BD0A-4B83-BE43-D563ACC004A1}.Debug|Any CPU.Build.0 = Debug|Any CPU
		{B70E4F44-BD0A-4B83-BE43-D563ACC004A1}.Release|Any CPU.ActiveCfg = Release|Any CPU
		{B70E4F44-BD0A-4B83-BE43-D563ACC004A1}.Release|Any CPU.Build.0 = Release|Any CPU
		{772CAEDA-0FB0-40F5-9270-11EE3E3B06E4}.Debug|Any CPU.ActiveCfg = Debug|Any CPU
		{772CAEDA-0FB0-40F5-9270-11EE3E3B06E4}.Debug|Any CPU.Build.0 = Debug|Any CPU
		{772CAEDA-0FB0-40F5-9270-11EE3E3B06E4}.Release|Any CPU.ActiveCfg = Release|Any CPU
		{772CAEDA-0FB0-40F5-9270-11EE3E3B06E4}.Release|Any CPU.Build.0 = Release|Any CPU
		{951D8EF6-2405-48D6-A837-A35278044F81}.Debug|Any CPU.ActiveCfg = Debug|Any CPU
		{951D8EF6-2405-48D6-A837-A35278044F81}.Debug|Any CPU.Build.0 = Debug|Any CPU
		{951D8EF6-2405-48D6-A837-A35278044F81}.Release|Any CPU.ActiveCfg = Release|Any CPU
		{951D8EF6-2405-48D6-A837-A35278044F81}.Release|Any CPU.Build.0 = Release|Any CPU
	EndGlobalSection
	GlobalSection(SolutionProperties) = preSolution
		HideSolutionNode = FALSE
	EndGlobalSection
	GlobalSection(NestedProjects) = preSolution
		{772CAEDA-0FB0-40F5-9270-11EE3E3B06E4} = {1AA7DC8E-92FC-460A-B2CF-361605114DE4}
		{951D8EF6-2405-48D6-A837-A35278044F81} = {1AA7DC8E-92FC-460A-B2CF-361605114DE4}
	EndGlobalSection
	GlobalSection(ExtensibilityGlobals) = postSolution
		SolutionGuid = {C3EEA466-727D-4860-AAEB-6763D5A16B28}
	EndGlobalSection
EndGlobal
